
Microsoft Visual Studio Solution File, Format Version 12.00
# Visual Studio 15
VisualStudioVersion = 15.0.27004.2010
MinimumVisualStudioVersion = 10.0.40219.1
Project("{FAE04EC0-301F-11D3-BF4B-00C04F79EFBC}") = "FileTypeAndIcon", "FileTypeAndIcon\FileTypeAndIcon.csproj", "{B49C9920-7EE8-4641-A4AC-32FA398C57CE}"
EndProject
Global
	GlobalSection(SolutionConfigurationPlatforms) = preSolution
		Debug|Any CPU = Debug|Any CPU
		Release|Any CPU = Release|Any CPU
	EndGlobalSection
	GlobalSection(ProjectConfigurationPlatforms) = postSolution
		{B49C9920-7EE8-4641-A4AC-32FA398C57CE}.Debug|Any CPU.ActiveCfg = Debug|Any CPU
		{B49C9920-7EE8-4641-A4AC-32FA398C57CE}.Debug|Any CPU.Build.0 = Debug|Any CPU
		{B49C9920-7EE8-4641-A4AC-32FA398C57CE}.Release|Any CPU.ActiveCfg = Release|Any CPU
		{B49C9920-7EE8-4641-A4AC-32FA398C57CE}.Release|Any CPU.Build.0 = Release|Any CPU
	EndGlobalSection
	GlobalSection(SolutionProperties) = preSolution
		HideSolutionNode = FALSE
	EndGlobalSection
	GlobalSection(ExtensibilityGlobals) = postSolution
		SolutionGuid = {C40C8339-5C66-4924-BBDF-82D198EA1A9D}
	EndGlobalSection
EndGlobal
